{
  "name": "elm-search",
  "version": "1.0.0",
  "lockfileVersion": 3,
  "requires": true,
  "packages": {
    "": {
      "name": "elm-search",
      "version": "1.0.0",
      "license": "BSD-3-Clause",
      "devDependencies": {
        "elm": "^0.19.1-6",
        "elm-format": "^0.8.7",
        "terser": "^5.24.0",
        "xhr2": "^0.2.1"
      }
    },
    "node_modules/@avh4/elm-format-darwin-arm64": {
      "version": "0.8.7-2",
      "resolved": "https://registry.npmjs.org/@avh4/elm-format-darwin-arm64/-/elm-format-darwin-arm64-0.8.7-2.tgz",
      "integrity": "sha512-F5JD44mJ3KX960J5GkXMfh1/dtkXuPcQpX2EToHQKjLTZUfnhZ++ytQQt0gAvrJ0bzoOvhNzjNjUHDA1ruTVbg==",
      "cpu": [
        "arm64"
      ],
      "dev": true,
      "optional": true,
      "os": [
        "darwin"
      ]
    },
    "node_modules/@avh4/elm-format-darwin-x64": {
      "version": "0.8.7-2",
      "resolved": "https://registry.npmjs.org/@avh4/elm-format-darwin-x64/-/elm-format-darwin-x64-0.8.7-2.tgz",
      "integrity": "sha512-4pfF1cl0KyTion+7Mg4XKM3yi4Yc7vP76Kt/DotLVGJOSag4ISGic1og2mt8RZZ7XArybBmHNyYkiUbe/cEiCw==",
      "cpu": [
        "x64"
      ],
      "dev": true,
      "optional": true,
      "os": [
        "darwin"
      ]
    },
    "node_modules/@avh4/elm-format-linux-arm64": {
      "version": "0.8.7-2",
      "resolved": "https://registry.npmjs.org/@avh4/elm-format-linux-arm64/-/elm-format-linux-arm64-0.8.7-2.tgz",
      "integrity": "sha512-WkVmuce2zU6s9dupHhqPc886Vaqpea8dZlxv2fpZ4wSzPUbiiKHoHZzoVndMIMTUL0TZukP3Ps0n/lWO5R5+FA==",
      "cpu": [
        "arm64"
      ],
      "dev": true,
      "optional": true,
      "os": [
        "linux"
      ]
    },
    "node_modules/@avh4/elm-format-linux-x64": {
      "version": "0.8.7-2",
      "resolved": "https://registry.npmjs.org/@avh4/elm-format-linux-x64/-/elm-format-linux-x64-0.8.7-2.tgz",
      "integrity": "sha512-kmncfJrTBjVT94JtQvMf4M5Pn2Yl0sZt3wo7AzgFiDnB/CiZ+KjJyXuWM64NeGiv4MQqzPq65tsFXUH1CIJeiQ==",
      "cpu": [
        "x64"
      ],
      "dev": true,
      "optional": true,
      "os": [
        "linux"
      ]
    },
    "node_modules/@avh4/elm-format-win32-x64": {
      "version": "0.8.7-2",
      "resolved": "https://registry.npmjs.org/@avh4/elm-format-win32-x64/-/elm-format-win32-x64-0.8.7-2.tgz",
      "integrity": "sha512-sBdMBGq/8mD8Y5C+fIr5vlb3N50yB7S1MfgeAq2QEbvkr/sKrCZI540i43lZDH9gWsfA1w2W8wCe0penFYzsGw==",
      "cpu": [
        "x64"
      ],
      "dev": true,
      "optional": true,
      "os": [
        "win32"
      ]
    },
    "node_modules/@elm_binaries/darwin_arm64": {
      "version": "0.19.1-0",
      "resolved": "https://registry.npmjs.org/@elm_binaries/darwin_arm64/-/darwin_arm64-0.19.1-0.tgz",
      "integrity": "sha512-mjbsH7BNHEAmoE2SCJFcfk5fIHwFIpxtSgnEAqMsVLpBUFoEtAeX+LQ+N0vSFJB3WAh73+QYx/xSluxxLcL6dA==",
      "cpu": [
        "arm64"
      ],
      "dev": true,
      "optional": true,
      "os": [
        "darwin"
      ]
    },
    "node_modules/@elm_binaries/darwin_x64": {
      "version": "0.19.1-0",
      "resolved": "https://registry.npmjs.org/@elm_binaries/darwin_x64/-/darwin_x64-0.19.1-0.tgz",
      "integrity": "sha512-QGUtrZTPBzaxgi9al6nr+9313wrnUVHuijzUK39UsPS+pa+n6CmWyV/69sHZeX9qy6UfeugE0PzF3qcUiy2GDQ==",
      "cpu": [
        "x64"
      ],
      "dev": true,
      "optional": true,
      "os": [
        "darwin"
      ]
    },
    "node_modules/@elm_binaries/linux_x64": {
      "version": "0.19.1-0",
      "resolved": "https://registry.npmjs.org/@elm_binaries/linux_x64/-/linux_x64-0.19.1-0.tgz",
      "integrity": "sha512-T1ZrWVhg2kKAsi8caOd3vp/1A3e21VuCpSG63x8rDie50fHbCytTway9B8WHEdnBFv4mYWiA68dzGxYCiFmU2w==",
      "cpu": [
        "x64"
      ],
      "dev": true,
      "optional": true,
      "os": [
        "linux"
      ]
    },
    "node_modules/@elm_binaries/win32_x64": {
      "version": "0.19.1-0",
      "resolved": "https://registry.npmjs.org/@elm_binaries/win32_x64/-/win32_x64-0.19.1-0.tgz",
      "integrity": "sha512-yDleiXqSE9EcqKtd9SkC/4RIW8I71YsXzMPL79ub2bBPHjWTcoyyeBbYjoOB9SxSlArJ74HaoBApzT6hY7Zobg==",
      "cpu": [
        "x64"
      ],
      "dev": true,
      "optional": true,
      "os": [
        "win32"
      ]
    },
    "node_modules/@jridgewell/gen-mapping": {
      "version": "0.3.3",
      "resolved": "https://registry.npmjs.org/@jridgewell/gen-mapping/-/gen-mapping-0.3.3.tgz",
      "integrity": "sha512-HLhSWOLRi875zjjMG/r+Nv0oCW8umGb0BgEhyX3dDX3egwZtB8PqLnjz3yedt8R5StBrzcg4aBpnh8UA9D1BoQ==",
      "dev": true,
      "dependencies": {
        "@jridgewell/set-array": "^1.0.1",
        "@jridgewell/sourcemap-codec": "^1.4.10",
        "@jridgewell/trace-mapping": "^0.3.9"
      },
      "engines": {
        "node": ">=6.0.0"
      }
    },
    "node_modules/@jridgewell/resolve-uri": {
      "version": "3.1.1",
      "resolved": "https://registry.npmjs.org/@jridgewell/resolve-uri/-/resolve-uri-3.1.1.tgz",
      "integrity": "sha512-dSYZh7HhCDtCKm4QakX0xFpsRDqjjtZf/kjI/v3T3Nwt5r8/qz/M19F9ySyOqU94SXBmeG9ttTul+YnR4LOxFA==",
      "dev": true,
      "engines": {
        "node": ">=6.0.0"
      }
    },
    "node_modules/@jridgewell/set-array": {
      "version": "1.1.2",
      "resolved": "https://registry.npmjs.org/@jridgewell/set-array/-/set-array-1.1.2.tgz",
      "integrity": "sha512-xnkseuNADM0gt2bs+BvhO0p78Mk762YnZdsuzFV018NoG1Sj1SCQvpSqa7XUaTam5vAGasABV9qXASMKnFMwMw==",
      "dev": true,
      "engines": {
        "node": ">=6.0.0"
      }
    },
    "node_modules/@jridgewell/source-map": {
      "version": "0.3.5",
      "resolved": "https://registry.npmjs.org/@jridgewell/source-map/-/source-map-0.3.5.tgz",
      "integrity": "sha512-UTYAUj/wviwdsMfzoSJspJxbkH5o1snzwX0//0ENX1u/55kkZZkcTZP6u9bwKGkv+dkk9at4m1Cpt0uY80kcpQ==",
      "dev": true,
      "dependencies": {
        "@jridgewell/gen-mapping": "^0.3.0",
        "@jridgewell/trace-mapping": "^0.3.9"
      }
    },
    "node_modules/@jridgewell/sourcemap-codec": {
      "version": "1.4.15",
      "resolved": "https://registry.npmjs.org/@jridgewell/sourcemap-codec/-/sourcemap-codec-1.4.15.tgz",
      "integrity": "sha512-eF2rxCRulEKXHTRiDrDy6erMYWqNw4LPdQ8UQA4huuxaQsVeRPFl2oM8oDGxMFhJUWZf9McpLtJasDDZb/Bpeg==",
      "dev": true
    },
    "node_modules/@jridgewell/trace-mapping": {
      "version": "0.3.20",
      "resolved": "https://registry.npmjs.org/@jridgewell/trace-mapping/-/trace-mapping-0.3.20.tgz",
      "integrity": "sha512-R8LcPeWZol2zR8mmH3JeKQ6QRCFb7XgUhV9ZlGhHLGyg4wpPiPZNQOOWhFZhxKw8u//yTbNGI42Bx/3paXEQ+Q==",
      "dev": true,
      "dependencies": {
        "@jridgewell/resolve-uri": "^3.1.0",
        "@jridgewell/sourcemap-codec": "^1.4.14"
      }
    },
    "node_modules/buffer-from": {
      "version": "1.1.2",
      "resolved": "https://registry.npmjs.org/buffer-from/-/buffer-from-1.1.2.tgz",
      "integrity": "sha512-E+XQCRwSbaaiChtv6k6Dwgc+bx+Bs6vuKJHHl5kox/BaKbhiXzqQOwK4cO22yElGp2OCmjwVhT3HmxgyPGnJfQ==",
      "dev": true
    },
    "node_modules/elm": {
      "version": "0.19.1-6",
      "resolved": "https://registry.npmjs.org/elm/-/elm-0.19.1-6.tgz",
      "integrity": "sha512-mKYyierHICPdMx/vhiIacdPmTPnh889gjHOZ75ZAoCxo3lZmSWbGP8HMw78wyctJH0HwvTmeKhlYSWboQNYPeQ==",
      "dev": true,
      "hasInstallScript": true,
      "bin": {
        "elm": "bin/elm"
      },
      "engines": {
        "node": ">=7.0.0"
      },
      "optionalDependencies": {
        "@elm_binaries/darwin_arm64": "0.19.1-0",
        "@elm_binaries/darwin_x64": "0.19.1-0",
        "@elm_binaries/linux_x64": "0.19.1-0",
        "@elm_binaries/win32_x64": "0.19.1-0"
      }
    },
    "node_modules/elm-format": {
      "version": "0.8.7",
      "resolved": "https://registry.npmjs.org/elm-format/-/elm-format-0.8.7.tgz",
      "integrity": "sha512-sVzFXfWnb+6rzXK+q3e3Ccgr6/uS5mFbFk1VSmigC+x2XZ28QycAa7lS8owl009ALPhRQk+pZ95Eq5ANjpEZsQ==",
      "dev": true,
      "hasInstallScript": true,
      "bin": {
        "elm-format": "bin/elm-format"
      },
      "optionalDependencies": {
        "@avh4/elm-format-darwin-arm64": "0.8.7-2",
        "@avh4/elm-format-darwin-x64": "0.8.7-2",
        "@avh4/elm-format-linux-arm64": "0.8.7-2",
        "@avh4/elm-format-linux-x64": "0.8.7-2",
        "@avh4/elm-format-win32-x64": "0.8.7-2"
      }
    },
    "node_modules/source-map": {
      "version": "0.6.1",
      "resolved": "https://registry.npmjs.org/source-map/-/source-map-0.6.1.tgz",
      "integrity": "sha512-UjgapumWlbMhkBgzT7Ykc5YXUT46F0iKu8SGXq0bcwP5dz/h0Plj6enJqjz1Zbq2l5WaqYnrVbwWOWMyF3F47g==",
      "dev": true,
      "engines": {
        "node": ">=0.10.0"
      }
    },
    "node_modules/source-map-support": {
      "version": "0.5.21",
      "resolved": "https://registry.npmjs.org/source-map-support/-/source-map-support-0.5.21.tgz",
      "integrity": "sha512-uBHU3L3czsIyYXKX88fdrGovxdSCoTGDRZ6SYXtSRxLZUzHg5P/66Ht6uoUlHu9EZod+inXhKo3qQgwXUT/y1w==",
      "dev": true,
      "dependencies": {
        "buffer-from": "^1.0.0",
        "source-map": "^0.6.0"
      }
    },
    "node_modules/terser": {
      "version": "5.24.0",
      "resolved": "https://registry.npmjs.org/terser/-/terser-5.24.0.tgz",
      "integrity": "sha512-ZpGR4Hy3+wBEzVEnHvstMvqpD/nABNelQn/z2r0fjVWGQsN3bpOLzQlqDxmb4CDZnXq5lpjnQ+mHQLAOpfM5iw==",
      "dev": true,
      "dependencies": {
        "@jridgewell/source-map": "^0.3.3",
        "acorn": "^8.8.2",
        "commander": "^2.20.0",
        "source-map-support": "~0.5.20"
      },
      "bin": {
        "terser": "bin/terser"
      },
      "engines": {
        "node": ">=10"
      }
    },
    "node_modules/terser/node_modules/acorn": {
      "version": "8.11.2",
      "resolved": "https://registry.npmjs.org/acorn/-/acorn-8.11.2.tgz",
      "integrity": "sha512-nc0Axzp/0FILLEVsm4fNwLCwMttvhEI263QtVPQcbpfZZ3ts0hLsZGOpE6czNlid7CJ9MlyH8reXkpsf3YUY4w==",
      "dev": true,
      "bin": {
        "acorn": "bin/acorn"
      },
      "engines": {
        "node": ">=0.4.0"
      }
    },
    "node_modules/terser/node_modules/commander": {
      "version": "2.20.3",
      "resolved": "https://registry.npmjs.org/commander/-/commander-2.20.3.tgz",
      "integrity": "sha512-GpVkmM8vF2vQUkj2LvZmD35JxeJOLCwJ9cUkugyk2nuhbv3+mJvpLYYt+0+USMxE+oj+ey/lJEnhZw75x/OMcQ==",
      "dev": true
    },
    "node_modules/xhr2": {
      "version": "0.2.1",
      "dev": true,
      "license": "MIT",
      "engines": {
        "node": ">= 6"
      }
    }
  }
}
